
Microsoft Visual Studio Solution File, Format Version 12.00
# Visual Studio Version 16
VisualStudioVersion = 16.0.28803.352
MinimumVisualStudioVersion = 10.0.40219.1
Project("{FAE04EC0-301F-11D3-BF4B-00C04F79EFBC}") = "DBHackathonPuppeteer", "DBHackathonPuppeteer\DBHackathonPuppeteer.csproj", "{8CB40D7F-C6D5-4802-804A-EBF791B6B02D}"
EndProject
Global
	GlobalSection(SolutionConfigurationPlatforms) = preSolution
		Debug|Any CPU = Debug|Any CPU
		Release|Any CPU = Release|Any CPU
	EndGlobalSection
	GlobalSection(ProjectConfigurationPlatforms) = postSolution
		{8CB40D7F-C6D5-4802-804A-EBF791B6B02D}.Debug|Any CPU.ActiveCfg = Debug|Any CPU
		{8CB40D7F-C6D5-4802-804A-EBF791B6B02D}.Debug|Any CPU.Build.0 = Debug|Any CPU
		{8CB40D7F-C6D5-4802-804A-EBF791B6B02D}.Release|Any CPU.ActiveCfg = Release|Any CPU
		{8CB40D7F-C6D5-4802-804A-EBF791B6B02D}.Release|Any CPU.Build.0 = Release|Any CPU
	EndGlobalSection
	GlobalSection(SolutionProperties) = preSolution
		HideSolutionNode = FALSE
	EndGlobalSection
	GlobalSection(ExtensibilityGlobals) = postSolution
		SolutionGuid = {05F6C78A-60BE-48E7-A306-26904756F677}
	EndGlobalSection
EndGlobal
